# This file is autogenerated, do not edit; changes may be undone by the next 'dep ensure'.


[[projects]]
  digest = "1:d01f993a16dd8314d9a670ec395f57090484316c9bee7a1f2bfec4306d7d54d8"
  name = "github.com/aaaton/golem"
  packages = [
    ".",
    "dicts",
    "dicts/en",
  ]
  pruneopts = "UT"
  revision = "995cd80526f12075997a5ec5b1892799738e48b8"
  version = "3.0.1"

[[projects]]
  digest = "1:ffe9824d294da03b391f44e1ae8281281b4afc1bdaa9588c9097785e3af10cec"
  name = "github.com/davecgh/go-spew"
  packages = ["spew"]
  pruneopts = "UT"
  revision = "8991bc29aa16c548c550c7ff78260e27b9ab7c73"
  version = "v1.1.1"

[[projects]]
  digest = "1:e47d51dab652d26c3fba6f8cba403f922d02757a82abdc77e90df7948daf296e"
  name = "github.com/deckarep/golang-set"
  packages = ["."]
  pruneopts = "UT"
  revision = "cbaa98ba5575e67703b32b4b19f73c91f3c4159e"
  version = "v1.7.1"

[[projects]]
  digest = "1:217d11bbc0e9d25efbc07c5eed2353883c18ce3348eac2941d3d06b08441eea1"
  name = "github.com/mingrammer/commonregex"
  packages = ["."]
  pruneopts = "UT"
  revision = "8b3fb5c9b1d5b279ffdeb244ea38e0dac05e67e6"
  version = "v1.0.1"

[[projects]]
  digest = "1:0028cb19b2e4c3112225cd871870f2d9cf49b9b4276531f03438a88e94be86fe"
  name = "github.com/pmezard/go-difflib"
  packages = ["difflib"]
  pruneopts = "UT"
  revision = "792786c7400a136282c1664665ae0a8db921c6c2"
  version = "v1.0.0"

[[projects]]
  digest = "1:8548c309c65a85933a625be5e7d52b6ac927ca30c56869fae58123b8a77a75e1"
  name = "github.com/stretchr/testify"
  packages = ["assert"]
  pruneopts = "UT"
  revision = "221dbe5ed46703ee255b1da0dec05086f5035f62"
  version = "v1.4.0"

[[projects]]
  digest = "1:216c8e1e94baebcb5d539b3f79abd283d27d56f1c876d0b956d5131efe72cf5e"
  name = "gonum.org/v1/gonum"
  packages = [
    "blas",
    "blas/blas64",
    "blas/cblas128",
    "blas/gonum",
    "floats",
    "internal/asm/c128",
    "internal/asm/c64",
    "internal/asm/f32",
    "internal/asm/f64",
    "internal/cmplx64",
    "internal/math32",
    "lapack",
    "lapack/gonum",
    "lapack/lapack64",
    "mat",
  ]
  pruneopts = "UT"
  revision = "b72f7aa23a47a7d95df7d3d5248af26c33327925"
  version = "v0.6.0"

[[projects]]
  branch = "v2"
  digest = "1:0d189d875911f4b12747ae32d3d060cbf1d06ce310d5dd75434ff4258c6de8d5"
  name = "gopkg.in/jdkato/prose.v2"
  packages = ["."]
  pruneopts = "UT"
  revision = "822d591a158cac4f704f81644b3b4f5a6167e3b0"

[[projects]]
  digest = "1:85b60f4403e2aae0eee2ac2ba50e4124dea766b582c6ec0d94fb1335d9c0d16e"
  name = "gopkg.in/neurosnap/sentences.v1"
  packages = [
    ".",
    "data",
  ]
  pruneopts = "UT"
  revision = "a7f18ead1433a139742a8b42ce7a059cfb484d60"
  version = "v1.0.6"

[[projects]]
  digest = "1:59f10c1537d2199d9115d946927fe31165959a95190849c82ff11e05803528b0"
  name = "gopkg.in/yaml.v2"
  packages = ["."]
  pruneopts = "UT"
  revision = "f221b8435cfb71e54062f6c6e99e9ade30b124d5"
  version = "v2.2.4"

[solve-meta]
  analyzer-name = "dep"
  analyzer-version = 1
  input-imports = [
    "github.com/aaaton/golem",
    "github.com/aaaton/golem/dicts/en",
    "github.com/stretchr/testify/assert",
    "gopkg.in/jdkato/prose.v2",
  ]
  solver-name = "gps-cdcl"
  solver-version = 1
